
Microsoft Visual Studio Solution File, Format Version 12.00
# Visual Studio Version 17
VisualStudioVersion = 17.5.33530.505
MinimumVisualStudioVersion = 10.0.40219.1
Project("{FAE04EC0-301F-11D3-BF4B-00C04F79EFBC}") = "H6-API", "H6-API\H6-API.csproj", "{71D84AE5-8D73-47E8-877E-BE190F78516D}"
EndProject
Global
	GlobalSection(SolutionConfigurationPlatforms) = preSolution
		Debug|Any CPU = Debug|Any CPU
		Release|Any CPU = Release|Any CPU
	EndGlobalSection
	GlobalSection(ProjectConfigurationPlatforms) = postSolution
		{71D84AE5-8D73-47E8-877E-BE190F78516D}.Debug|Any CPU.ActiveCfg = Debug|Any CPU
		{71D84AE5-8D73-47E8-877E-BE190F78516D}.Debug|Any CPU.Build.0 = Debug|Any CPU
		{71D84AE5-8D73-47E8-877E-BE190F78516D}.Release|Any CPU.ActiveCfg = Release|Any CPU
		{71D84AE5-8D73-47E8-877E-BE190F78516D}.Release|Any CPU.Build.0 = Release|Any CPU
	EndGlobalSection
	GlobalSection(SolutionProperties) = preSolution
		HideSolutionNode = FALSE
	EndGlobalSection
	GlobalSection(ExtensibilityGlobals) = postSolution
		SolutionGuid = {E0A93EA6-AA7E-4A0D-95D4-C61555041F1D}
	EndGlobalSection
EndGlobal
